// !$*UTF8*$!
{
	archiveVersion = 1;
	classes = {
	};
	objectVersion = 46;
	objects = {

/* Begin PBXBuildFile section */
		54620AF51B0C9F08001B6743 /* AppDelegate.swift in Sources */ = {isa = PBXBuildFile; fileRef = 54620AF41B0C9F08001B6743 /* AppDelegate.swift */; };
		54620AF81B0C9F08001B6743 /* Blog_Reader.xcdatamodeld in Sources */ = {isa = PBXBuildFile; fileRef = 54620AF61B0C9F08001B6743 /* Blog_Reader.xcdatamodeld */; };
		54620AFA1B0C9F08001B6743 /* MasterViewController.swift in Sources */ = {isa = PBXBuildFile; fileRef = 54620AF91B0C9F08001B6743 /* MasterViewController.swift */; };
		54620AFC1B0C9F08001B6743 /* DetailViewController.swift in Sources */ = {isa = PBXBuildFile; fileRef = 54620AFB1B0C9F08001B6743 /* DetailViewController.swift */; };
		54620AFF1B0C9F08001B6743 /* Main.storyboard in Resources */ = {isa = PBXBuildFile; fileRef = 54620AFD1B0C9F08001B6743 /* Main.storyboard */; };
		54620B011B0C9F08001B6743 /* Images.xcassets in Resources */ = {isa = PBXBuildFile; fileRef = 54620B001B0C9F08001B6743 /* Images.xcassets */; };
		54620B041B0C9F08001B6743 /* LaunchScreen.xib in Resources */ = {isa = PBXBuildFile; fileRef = 54620B021B0C9F08001B6743 /* LaunchScreen.xib */; };
		54620B101B0C9F08001B6743 /* Blog_ReaderTests.swift in Sources */ = {isa = PBXBuildFile; fileRef = 54620B0F1B0C9F08001B6743 /* Blog_ReaderTests.swift */; };
/* End PBXBuildFile section */

/* Begin PBXContainerItemProxy section */
		54620B0A1B0C9F08001B6743 /* PBXContainerItemProxy */ = {
			isa = PBXContainerItemProxy;
			containerPortal = 54620AE71B0C9F08001B6743 /* Project object */;
			proxyType = 1;
			remoteGlobalIDString = 54620AEE1B0C9F08001B6743;
			remoteInfo = "Blog Reader";
		};
/* End PBXContainerItemProxy section */

/* Begin PBXFileReference section */
		54620AEF1B0C9F08001B6743 /* Blog Reader.app */ = {isa = PBXFileReference; explicitFileType = wrapper.application; includeInIndex = 0; path = "Blog Reader.app"; sourceTree = BUILT_PRODUCTS_DIR; };
		54620AF31B0C9F08001B6743 /* Info.plist */ = {isa = PBXFileReference; lastKnownFileType = text.plist.xml; path = Info.plist; sourceTree = "<group>"; };
		54620AF41B0C9F08001B6743 /* AppDelegate.swift */ = {isa = PBXFileReference; lastKnownFileType = sourcecode.swift; path = AppDelegate.swift; sourceTree = "<group>"; };
		54620AF71B0C9F08001B6743 /* Blog_Reader.xcdatamodel */ = {isa = PBXFileReference; lastKnownFileType = wrapper.xcdatamodel; path = Blog_Reader.xcdatamodel; sourceTree = "<group>"; };
		54620AF91B0C9F08001B6743 /* MasterViewController.swift */ = {isa = PBXFileReference; lastKnownFileType = sourcecode.swift; path = MasterViewController.swift; sourceTree = "<group>"; };
		54620AFB1B0C9F08001B6743 /* DetailViewController.swift */ = {isa = PBXFileReference; lastKnownFileType = sourcecode.swift; path = DetailViewController.swift; sourceTree = "<group>"; };
		54620AFE1B0C9F08001B6743 /* Base */ = {isa = PBXFileReference; lastKnownFileType = file.storyboard; name = Base; path = Base.lproj/Main.storyboard; sourceTree = "<group>"; };
		54620B001B0C9F08001B6743 /* Images.xcassets */ = {isa = PBXFileReference; lastKnownFileType = folder.assetcatalog; path = Images.xcassets; sourceTree = "<group>"; };
		54620B031B0C9F08001B6743 /* Base */ = {isa = PBXFileReference; lastKnownFileType = file.xib; name = Base; path = Base.lproj/LaunchScreen.xib; sourceTree = "<group>"; };
		54620B091B0C9F08001B6743 /* Blog ReaderTests.xctest */ = {isa = PBXFileReference; explicitFileType = wrapper.cfbundle; includeInIndex = 0; path = "Blog ReaderTests.xctest"; sourceTree = BUILT_PRODUCTS_DIR; };
		54620B0E1B0C9F08001B6743 /* Info.plist */ = {isa = PBXFileReference; lastKnownFileType = text.plist.xml; path = Info.plist; sourceTree = "<group>"; };
		54620B0F1B0C9F08001B6743 /* Blog_ReaderTests.swift */ = {isa = PBXFileReference; lastKnownFileType = sourcecode.swift; path = Blog_ReaderTests.swift; sourceTree = "<group>"; };
/* End PBXFileReference section */

/* Begin PBXFrameworksBuildPhase section */
		54620AEC1B0C9F08001B6743 /* Frameworks */ = {
			isa = PBXFrameworksBuildPhase;
			buildActionMask = 2147483647;
			files = (
			);
			runOnlyForDeploymentPostprocessing = 0;
		};
		54620B061B0C9F08001B6743 /* Frameworks */ = {
			isa = PBXFrameworksBuildPhase;
			buildActionMask = 2147483647;
			files = (
			);
			runOnlyForDeploymentPostprocessing = 0;
		};
/* End PBXFrameworksBuildPhase section */

/* Begin PBXGroup section */
		54620AE61B0C9F08001B6743 = {
			isa = PBXGroup;
			children = (
				54620AF11B0C9F08001B6743 /* Blog Reader */,
				54620B0C1B0C9F08001B6743 /* Blog ReaderTests */,
				54620AF01B0C9F08001B6743 /* Products */,
			);
			sourceTree = "<group>";
		};
		54620AF01B0C9F08001B6743 /* Products */ = {
			isa = PBXGroup;
			children = (
				54620AEF1B0C9F08001B6743 /* Blog Reader.app */,
				54620B091B0C9F08001B6743 /* Blog ReaderTests.xctest */,
			);
			name = Products;
			sourceTree = "<group>";
		};
		54620AF11B0C9F08001B6743 /* Blog Reader */ = {
			isa = PBXGroup;
			children = (
				54620AF41B0C9F08001B6743 /* AppDelegate.swift */,
				54620AF91B0C9F08001B6743 /* MasterViewController.swift */,
				54620AFB1B0C9F08001B6743 /* DetailViewController.swift */,
				54620AFD1B0C9F08001B6743 /* Main.storyboard */,
				54620B001B0C9F08001B6743 /* Images.xcassets */,
				54620B021B0C9F08001B6743 /* LaunchScreen.xib */,
				54620AF61B0C9F08001B6743 /* Blog_Reader.xcdatamodeld */,
				54620AF21B0C9F08001B6743 /* Supporting Files */,
			);
			path = "Blog Reader";
			sourceTree = "<group>";
		};
		54620AF21B0C9F08001B6743 /* Supporting Files */ = {
			isa = PBXGroup;
			children = (
				54620AF31B0C9F08001B6743 /* Info.plist */,
			);
			name = "Supporting Files";
			sourceTree = "<group>";
		};
		54620B0C1B0C9F08001B6743 /* Blog ReaderTests */ = {
			isa = PBXGroup;
			children = (
				54620B0F1B0C9F08001B6743 /* Blog_ReaderTests.swift */,
				54620B0D1B0C9F08001B6743 /* Supporting Files */,
			);
			path = "Blog ReaderTests";
			sourceTree = "<group>";
		};
		54620B0D1B0C9F08001B6743 /* Supporting Files */ = {
			isa = PBXGroup;
			children = (
				54620B0E1B0C9F08001B6743 /* Info.plist */,
			);
			name = "Supporting Files";
			sourceTree = "<group>";
		};
/* End PBXGroup section */

/* Begin PBXNativeTarget section */
		54620AEE1B0C9F08001B6743 /* Blog Reader */ = {
			isa = PBXNativeTarget;
			buildConfigurationList = 54620B131B0C9F08001B6743 /* Build configuration list for PBXNativeTarget "Blog Reader" */;
			buildPhases = (
				54620AEB1B0C9F08001B6743 /* Sources */,
				54620AEC1B0C9F08001B6743 /* Frameworks */,
				54620AED1B0C9F08001B6743 /* Resources */,
			);
			buildRules = (
			);
			dependencies = (
			);
			name = "Blog Reader";
			productName = "Blog Reader";
			productReference = 54620AEF1B0C9F08001B6743 /* Blog Reader.app */;
			productType = "com.apple.product-type.application";
		};
		54620B081B0C9F08001B6743 /* Blog ReaderTests */ = {
			isa = PBXNativeTarget;
			buildConfigurationList = 54620B161B0C9F08001B6743 /* Build configuration list for PBXNativeTarget "Blog ReaderTests" */;
			buildPhases = (
				54620B051B0C9F08001B6743 /* Sources */,
				54620B061B0C9F08001B6743 /* Frameworks */,
				54620B071B0C9F08001B6743 /* Resources */,
			);
			buildRules = (
			);
			dependencies = (
				54620B0B1B0C9F08001B6743 /* PBXTargetDependency */,
			);
			name = "Blog ReaderTests";
			productName = "Blog ReaderTests";
			productReference = 54620B091B0C9F08001B6743 /* Blog ReaderTests.xctest */;
			productType = "com.apple.product-type.bundle.unit-test";
		};
/* End PBXNativeTarget section */

/* Begin PBXProject section */
		54620AE71B0C9F08001B6743 /* Project object */ = {
			isa = PBXProject;
			attributes = {
				LastUpgradeCheck = 0630;
				ORGANIZATIONNAME = "Ferran Olivella";
				TargetAttributes = {
					54620AEE1B0C9F08001B6743 = {
						CreatedOnToolsVersion = 6.3.1;
					};
					54620B081B0C9F08001B6743 = {
						CreatedOnToolsVersion = 6.3.1;
						TestTargetID = 54620AEE1B0C9F08001B6743;
					};
				};
			};
			buildConfigurationList = 54620AEA1B0C9F08001B6743 /* Build configuration list for PBXProject "Blog Reader" */;
			compatibilityVersion = "Xcode 3.2";
			developmentRegion = English;
			hasScannedForEncodings = 0;
			knownRegions = (
				en,
				Base,
			);
			mainGroup = 54620AE61B0C9F08001B6743;
			productRefGroup = 54620AF01B0C9F08001B6743 /* Products */;
			projectDirPath = "";
			projectRoot = "";
			targets = (
				54620AEE1B0C9F08001B6743 /* Blog Reader */,
				54620B081B0C9F08001B6743 /* Blog ReaderTests */,
			);
		};
/* End PBXProject section */

/* Begin PBXResourcesBuildPhase section */
		54620AED1B0C9F08001B6743 /* Resources */ = {
			isa = PBXResourcesBuildPhase;
			buildActionMask = 2147483647;
			files = (
				54620AFF1B0C9F08001B6743 /* Main.storyboard in Resources */,
				54620B041B0C9F08001B6743 /* LaunchScreen.xib in Resources */,
				54620B011B0C9F08001B6743 /* Images.xcassets in Resources */,
			);
			runOnlyForDeploymentPostprocessing = 0;
		};
		54620B071B0C9F08001B6743 /* Resources */ = {
			isa = PBXResourcesBuildPhase;
			buildActionMask = 2147483647;
			files = (
			);
			runOnlyForDeploymentPostprocessing = 0;
		};
/* End PBXResourcesBuildPhase section */

/* Begin PBXSourcesBuildPhase section */
		54620AEB1B0C9F08001B6743 /* Sources */ = {
			isa = PBXSourcesBuildPhase;
			buildActionMask = 2147483647;
			files = (
				54620AF81B0C9F08001B6743 /* Blog_Reader.xcdatamodeld in Sources */,
				54620AF51B0C9F08001B6743 /* AppDelegate.swift in Sources */,
				54620AFA1B0C9F08001B6743 /* MasterViewController.swift in Sources */,
				54620AFC1B0C9F08001B6743 /* DetailViewController.swift in Sources */,
			);
			runOnlyForDeploymentPostprocessing = 0;
		};
		54620B051B0C9F08001B6743 /* Sources */ = {
			isa = PBXSourcesBuildPhase;
			buildActionMask = 2147483647;
			files = (
				54620B101B0C9F08001B6743 /* Blog_ReaderTests.swift in Sources */,
			);
			runOnlyForDeploymentPostprocessing = 0;
		};
/* End PBXSourcesBuildPhase section */

/* Begin PBXTargetDependency section */
		54620B0B1B0C9F08001B6743 /* PBXTargetDependency */ = {
			isa = PBXTargetDependency;
			target = 54620AEE1B0C9F08001B6743 /* Blog Reader */;
			targetProxy = 54620B0A1B0C9F08001B6743 /* PBXContainerItemProxy */;
		};
/* End PBXTargetDependency section */

/* Begin PBXVariantGroup section */
		54620AFD1B0C9F08001B6743 /* Main.storyboard */ = {
			isa = PBXVariantGroup;
			children = (
				54620AFE1B0C9F08001B6743 /* Base */,
			);
			name = Main.storyboard;
			sourceTree = "<group>";
		};
		54620B021B0C9F08001B6743 /* LaunchScreen.xib */ = {
			isa = PBXVariantGroup;
			children = (
				54620B031B0C9F08001B6743 /* Base */,
			);
			name = LaunchScreen.xib;
			sourceTree = "<group>";
		};
/* End PBXVariantGroup section */

/* Begin XCBuildConfiguration section */
		54620B111B0C9F08001B6743 /* Debug */ = {
			isa = XCBuildConfiguration;
			buildSettings = {
				ALWAYS_SEARCH_USER_PATHS = NO;
				CLANG_CXX_LANGUAGE_STANDARD = "gnu++0x";
				CLANG_CXX_LIBRARY = "libc++";
				CLANG_ENABLE_MODULES = YES;
				CLANG_ENABLE_OBJC_ARC = YES;
				CLANG_WARN_BOOL_CONVERSION = YES;
				CLANG_WARN_CONSTANT_CONVERSION = YES;
				CLANG_WARN_DIRECT_OBJC_ISA_USAGE = YES_ERROR;
				CLANG_WARN_EMPTY_BODY = YES;
				CLANG_WARN_ENUM_CONVERSION = YES;
				CLANG_WARN_INT_CONVERSION = YES;
				CLANG_WARN_OBJC_ROOT_CLASS = YES_ERROR;
				CLANG_WARN_UNREACHABLE_CODE = YES;
				CLANG_WARN__DUPLICATE_METHOD_MATCH = YES;
				"CODE_SIGN_IDENTITY[sdk=iphoneos*]" = "iPhone Developer";
				COPY_PHASE_STRIP = NO;
				DEBUG_INFORMATION_FORMAT = "dwarf-with-dsym";
				ENABLE_STRICT_OBJC_MSGSEND = YES;
				GCC_C_LANGUAGE_STANDARD = gnu99;
				GCC_DYNAMIC_NO_PIC = NO;
				GCC_NO_COMMON_BLOCKS = YES;
				GCC_OPTIMIZATION_LEVEL = 0;
				GCC_PREPROCESSOR_DEFINITIONS = (
					"DEBUG=1",
					"$(inherited)",
				);
				GCC_SYMBOLS_PRIVATE_EXTERN = NO;
				GCC_WARN_64_TO_32_BIT_CONVERSION = YES;
				GCC_WARN_ABOUT_RETURN_TYPE = YES_ERROR;
				GCC_WARN_UNDECLARED_SELECTOR = YES;
				GCC_WARN_UNINITIALIZED_AUTOS = YES_AGGRESSIVE;
				GCC_WARN_UNUSED_FUNCTION = YES;
				GCC_WARN_UNUSED_VARIABLE = YES;
				IPHONEOS_DEPLOYMENT_TARGET = 8.3;
				MTL_ENABLE_DEBUG_INFO = YES;
				ONLY_ACTIVE_ARCH = YES;
				SDKROOT = iphoneos;
				SWIFT_OPTIMIZATION_LEVEL = "-Onone";
			};
			name = Debug;
		};
		54620B121B0C9F08001B6743 /* Release */ = {
			isa = XCBuildConfiguration;
			buildSettings = {
				ALWAYS_SEARCH_USER_PATHS = NO;
				CLANG_CXX_LANGUAGE_STANDARD = "gnu++0x";
				CLANG_CXX_LIBRARY = "libc++";
				CLANG_ENABLE_MODULES = YES;
				CLANG_ENABLE_OBJC_ARC = YES;
				CLANG_WARN_BOOL_CONVERSION = YES;
				CLANG_WARN_CONSTANT_CONVERSION = YES;
				CLANG_WARN_DIRECT_OBJC_ISA_USAGE = YES_ERROR;
				CLANG_WARN_EMPTY_BODY = YES;
				CLANG_WARN_ENUM_CONVERSION = YES;
				CLANG_WARN_INT_CONVERSION = YES;
				CLANG_WARN_OBJC_ROOT_CLASS = YES_ERROR;
				CLANG_WARN_UNREACHABLE_CODE = YES;
				CLANG_WARN__DUPLICATE_METHOD_MATCH = YES;
				"CODE_SIGN_IDENTITY[sdk=iphoneos*]" = "iPhone Developer";
				COPY_PHASE_STRIP = NO;
				DEBUG_INFORMATION_FORMAT = "dwarf-with-dsym";
				ENABLE_NS_ASSERTIONS = NO;
				ENABLE_STRICT_OBJC_MSGSEND = YES;
				GCC_C_LANGUAGE_STANDARD = gnu99;
				GCC_NO_COMMON_BLOCKS = YES;
				GCC_WARN_64_TO_32_BIT_CONVERSION = YES;
				GCC_WARN_ABOUT_RETURN_TYPE = YES_ERROR;
				GCC_WARN_UNDECLARED_SELECTOR = YES;
				GCC_WARN_UNINITIALIZED_AUTOS = YES_AGGRESSIVE;
				GCC_WARN_UNUSED_FUNCTION = YES;
				GCC_WARN_UNUSED_VARIABLE = YES;
				IPHONEOS_DEPLOYMENT_TARGET = 8.3;
				MTL_ENABLE_DEBUG_INFO = NO;
				SDKROOT = iphoneos;
				VALIDATE_PRODUCT = YES;
			};
			name = Release;
		};
		54620B141B0C9F08001B6743 /* Debug */ = {
			isa = XCBuildConfiguration;
			buildSettings = {
				ASSETCATALOG_COMPILER_APPICON_NAME = AppIcon;
				INFOPLIST_FILE = "Blog Reader/Info.plist";
				LD_RUNPATH_SEARCH_PATHS = "$(inherited) @executable_path/Frameworks";
				PRODUCT_NAME = "$(TARGET_NAME)";
				TARGETED_DEVICE_FAMILY = "1,2";
			};
			name = Debug;
		};
		54620B151B0C9F08001B6743 /* Release */ = {
			isa = XCBuildConfiguration;
			buildSettings = {
				ASSETCATALOG_COMPILER_APPICON_NAME = AppIcon;
				INFOPLIST_FILE = "Blog Reader/Info.plist";
				LD_RUNPATH_SEARCH_PATHS = "$(inherited) @executable_path/Frameworks";
				PRODUCT_NAME = "$(TARGET_NAME)";
				TARGETED_DEVICE_FAMILY = "1,2";
			};
			name = Release;
		};
		54620B171B0C9F08001B6743 /* Debug */ = {
			isa = XCBuildConfiguration;
			buildSettings = {
				BUNDLE_LOADER = "$(TEST_HOST)";
				FRAMEWORK_SEARCH_PATHS = (
					"$(SDKROOT)/Developer/Library/Frameworks",
					"$(inherited)",
				);
				GCC_PREPROCESSOR_DEFINITIONS = (
					"DEBUG=1",
					"$(inherited)",
				);
				INFOPLIST_FILE = "Blog ReaderTests/Info.plist";
				LD_RUNPATH_SEARCH_PATHS = "$(inherited) @executable_path/Frameworks @loader_path/Frameworks";
				PRODUCT_NAME = "$(TARGET_NAME)";
				TEST_HOST = "$(BUILT_PRODUCTS_DIR)/Blog Reader.app/Blog Reader";
			};
			name = Debug;
		};
		54620B181B0C9F08001B6743 /* Release */ = {
			isa = XCBuildConfiguration;
			buildSettings = {
				BUNDLE_LOADER = "$(TEST_HOST)";
				FRAMEWORK_SEARCH_PATHS = (
					"$(SDKROOT)/Developer/Library/Frameworks",
					"$(inherited)",
				);
				INFOPLIST_FILE = "Blog ReaderTests/Info.plist";
				LD_RUNPATH_SEARCH_PATHS = "$(inherited) @executable_path/Frameworks @loader_path/Frameworks";
				PRODUCT_NAME = "$(TARGET_NAME)";
				TEST_HOST = "$(BUILT_PRODUCTS_DIR)/Blog Reader.app/Blog Reader";
			};
			name = Release;
		};
/* End XCBuildConfiguration section */

/* Begin XCConfigurationList section */
		54620AEA1B0C9F08001B6743 /* Build configuration list for PBXProject "Blog Reader" */ = {
			isa = XCConfigurationList;
			buildConfigurations = (
				54620B111B0C9F08001B6743 /* Debug */,
				54620B121B0C9F08001B6743 /* Release */,
			);
			defaultConfigurationIsVisible = 0;
			defaultConfigurationName = Release;
		};
		54620B131B0C9F08001B6743 /* Build configuration list for PBXNativeTarget "Blog Reader" */ = {
			isa = XCConfigurationList;
			buildConfigurations = (
				54620B141B0C9F08001B6743 /* Debug */,
				54620B151B0C9F08001B6743 /* Release */,
			);
			defaultConfigurationIsVisible = 0;
		};
		54620B161B0C9F08001B6743 /* Build configuration list for PBXNativeTarget "Blog ReaderTests" */ = {
			isa = XCConfigurationList;
			buildConfigurations = (
				54620B171B0C9F08001B6743 /* Debug */,
				54620B181B0C9F08001B6743 /* Release */,
			);
			defaultConfigurationIsVisible = 0;
		};
/* End XCConfigurationList section */

/* Begin XCVersionGroup section */
		54620AF61B0C9F08001B6743 /* Blog_Reader.xcdatamodeld */ = {
			isa = XCVersionGroup;
			children = (
				54620AF71B0C9F08001B6743 /* Blog_Reader.xcdatamodel */,
			);
			currentVersion = 54620AF71B0C9F08001B6743 /* Blog_Reader.xcdatamodel */;
			path = Blog_Reader.xcdatamodeld;
			sourceTree = "<group>";
			versionGroupType = wrapper.xcdatamodel;
		};
/* End XCVersionGroup section */
	};
	rootObject = 54620AE71B0C9F08001B6743 /* Project object */;
}
